
Microsoft Visual Studio Solution File, Format Version 12.00
# Visual Studio Version 17
VisualStudioVersion = 17.7.34031.279
MinimumVisualStudioVersion = 10.0.40219.1
Project("{FAE04EC0-301F-11D3-BF4B-00C04F79EFBC}") = "Coolyeah-App", "Coolyeah-App.csproj", "{5A32D6B3-4374-46F0-81F4-14F403A3A40C}"
EndProject
Global
	GlobalSection(SolutionConfigurationPlatforms) = preSolution
		Debug|Any CPU = Debug|Any CPU
		Release|Any CPU = Release|Any CPU
	EndGlobalSection
	GlobalSection(ProjectConfigurationPlatforms) = postSolution
		{5A32D6B3-4374-46F0-81F4-14F403A3A40C}.Debug|Any CPU.ActiveCfg = Debug|Any CPU
		{5A32D6B3-4374-46F0-81F4-14F403A3A40C}.Debug|Any CPU.Build.0 = Debug|Any CPU
		{5A32D6B3-4374-46F0-81F4-14F403A3A40C}.Release|Any CPU.ActiveCfg = Release|Any CPU
		{5A32D6B3-4374-46F0-81F4-14F403A3A40C}.Release|Any CPU.Build.0 = Release|Any CPU
	EndGlobalSection
	GlobalSection(SolutionProperties) = preSolution
		HideSolutionNode = FALSE
	EndGlobalSection
	GlobalSection(ExtensibilityGlobals) = postSolution
		SolutionGuid = {18F54BDD-7441-4B6F-9E38-D7AA87EA65BC}
	EndGlobalSection
EndGlobal
